settings:
  autoInstallPeers: true
  excludeLinksFromLockfile: false

overrides:
  tailwindcss>nanoid: 3.3.7

patchedDependencies:
  wouter@3.7.1:
    hash: 4e16e6ff3fde7d6c1024d3e0c8605dc9eb6afb690d0d49958c2f449091813072
    path: patches/wouter@3.7.1.patch

importers:

  .:
    dependencies:
      '@hookform/resolvers':
        specifier: ^5.2.2
        version: 5.2.2(react-hook-form@7.64.0(react@19.2.1))
      '@radix-ui/react-accordion':
        specifier: ^1.2.12
        version: 1.2.12(@types/react-dom@19.2.1(@types/react@19.2.1))(@types/react@19.2.1)(react-dom@19.2.1(react@19.2.1))(react@19.2.1)
      '@radix-ui/react-alert-dialog':
        specifier: ^1.1.15
        version: 1.1.15(@types/react-dom@19.2.1(@types/react@19.2.1))(@types/react@19.2.1)(react-dom@19.2.1(react@19.2.1))(react@19.2.1)
      '@radix-ui/react-aspect-ratio':
        specifier: ^1.1.7
        version: 1.1.7(@types/react-dom@19.2.1(@types/react@19.2.1))(@types/react@19.2.1)(react-dom@19.2.1(react@19.2.1))(react@19.2.1)
      '@radix-ui/react-avatar':
        specifier: ^1.1.10
        version: 1.1.10(@types/react-dom@19.2.1(@types/react@19.2.1))(@types/react@19.2.1)(react-dom@19.2.1(react@19.2.1))(react@19.2.1)
      '@radix-ui/react-checkbox':
        specifier: ^1.3.3
        version: 1.3.3(@types/react-dom@19.2.1(@types/react@19.2.1))(@types/react@19.2.1)(react-dom@19.2.1(react@19.2.1))(react@19.2.1)
      '@radix-ui/react-collapsible':
        specifier: ^1.1.12
        version: 1.1.12(@types/react-dom@19.2.1(@types/react@19.2.1))(@types/react@19.2.1)(react-dom@19.2.1(react@19.2.1))(react@19.2.1)
      '@radix-ui/react-context-menu':
        specifier: ^2.2.16
        version: 2.2.16(@types/react-dom@19.2.1(@types/react@19.2.1))(@types/react@19.2.1)(react-dom@19.2.1(react@19.2.1))(react@19.2.1)
      '@radix-ui/react-dialog':
        specifier: ^1.1.15
        version: 1.1.15(@types/react-dom@19.2.1(@types/react@19.2.1))(@types/react@19.2.1)(react-dom@19.2.1(react@19.2.1))(react@19.2.1)
      '@radix-ui/react-dropdown-menu':
        specifier: ^2.1.16
        version: 2.1.16(@types/react-dom@19.2.1(@types/react@19.2.1))(@types/react@19.2.1)(react-dom@19.2.1(react@19.2.1))(react@19.2.1)
      '@radix-ui/react-hover-card':
        specifier: ^1.1.15


live
